
Microsoft Visual Studio Solution File, Format Version 12.00
# Visual Studio Version 17
VisualStudioVersion = 17.2.32602.215
MinimumVisualStudioVersion = 10.0.40219.1
Project("{9A19103F-16F7-4668-BE54-9A1E7A4F7556}") = "VendasWebAPI", "VendasWebAPI\VendasWebAPI.csproj", "{BC1767A8-EA4F-4C44-BCD3-318B58C5C6F4}"
EndProject
Project("{FAE04EC0-301F-11D3-BF4B-00C04F79EFBC}") = "VendasDesktop", "VendasDesktop\VendasDesktop.csproj", "{9349D38B-2B11-42DC-935E-6838986CC2F8}"
EndProject
Global
	GlobalSection(SolutionConfigurationPlatforms) = preSolution
		Debug|Any CPU = Debug|Any CPU
		Release|Any CPU = Release|Any CPU
	EndGlobalSection
	GlobalSection(ProjectConfigurationPlatforms) = postSolution
		{BC1767A8-EA4F-4C44-BCD3-318B58C5C6F4}.Debug|Any CPU.ActiveCfg = Debug|Any CPU
		{BC1767A8-EA4F-4C44-BCD3-318B58C5C6F4}.Debug|Any CPU.Build.0 = Debug|Any CPU
		{BC1767A8-EA4F-4C44-BCD3-318B58C5C6F4}.Release|Any CPU.ActiveCfg = Release|Any CPU
		{BC1767A8-EA4F-4C44-BCD3-318B58C5C6F4}.Release|Any CPU.Build.0 = Release|Any CPU
		{9349D38B-2B11-42DC-935E-6838986CC2F8}.Debug|Any CPU.ActiveCfg = Debug|Any CPU
		{9349D38B-2B11-42DC-935E-6838986CC2F8}.Debug|Any CPU.Build.0 = Debug|Any CPU
		{9349D38B-2B11-42DC-935E-6838986CC2F8}.Release|Any CPU.ActiveCfg = Release|Any CPU
		{9349D38B-2B11-42DC-935E-6838986CC2F8}.Release|Any CPU.Build.0 = Release|Any CPU
	EndGlobalSection
	GlobalSection(SolutionProperties) = preSolution
		HideSolutionNode = FALSE
	EndGlobalSection
	GlobalSection(ExtensibilityGlobals) = postSolution
		SolutionGuid = {64E8C9E2-ECE7-489F-A80C-077822F9B48B}
	EndGlobalSection
EndGlobal
